
Microsoft Visual Studio Solution File, Format Version 12.00
# Visual Studio Version 17
VisualStudioVersion = 17.9.34728.123
MinimumVisualStudioVersion = 10.0.40219.1
Project("{FAE04EC0-301F-11D3-BF4B-00C04F79EFBC}") = "NotificationSystem_RabbitMQ", "NotificationSystem_RabbitMQ\NotificationSystem_RabbitMQ.csproj", "{E8B785D0-9FBA-4EB8-B33E-ADE4B87987CF}"
EndProject
Project("{FAE04EC0-301F-11D3-BF4B-00C04F79EFBC}") = "NotificationConsumer", "NotificationConsumer\NotificationConsumer.csproj", "{71D7FEA8-A05F-4193-9F52-E1CDC2238C94}"
EndProject
Project("{FAE04EC0-301F-11D3-BF4B-00C04F79EFBC}") = "Shared", "Shared\Shared.csproj", "{EBB35CEA-A347-49D5-8281-D8F66A3967B2}"
EndProject
Global
	GlobalSection(SolutionConfigurationPlatforms) = preSolution
		Debug|Any CPU = Debug|Any CPU
		Release|Any CPU = Release|Any CPU
	EndGlobalSection
	GlobalSection(ProjectConfigurationPlatforms) = postSolution
		{E8B785D0-9FBA-4EB8-B33E-ADE4B87987CF}.Debug|Any CPU.ActiveCfg = Debug|Any CPU
		{E8B785D0-9FBA-4EB8-B33E-ADE4B87987CF}.Debug|Any CPU.Build.0 = Debug|Any CPU
		{E8B785D0-9FBA-4EB8-B33E-ADE4B87987CF}.Release|Any CPU.ActiveCfg = Release|Any CPU
		{E8B785D0-9FBA-4EB8-B33E-ADE4B87987CF}.Release|Any CPU.Build.0 = Release|Any CPU
		{71D7FEA8-A05F-4193-9F52-E1CDC2238C94}.Debug|Any CPU.ActiveCfg = Debug|Any CPU
		{71D7FEA8-A05F-4193-9F52-E1CDC2238C94}.Debug|Any CPU.Build.0 = Debug|Any CPU
		{71D7FEA8-A05F-4193-9F52-E1CDC2238C94}.Release|Any CPU.ActiveCfg = Release|Any CPU
		{71D7FEA8-A05F-4193-9F52-E1CDC2238C94}.Release|Any CPU.Build.0 = Release|Any CPU
		{EBB35CEA-A347-49D5-8281-D8F66A3967B2}.Debug|Any CPU.ActiveCfg = Debug|Any CPU
		{EBB35CEA-A347-49D5-8281-D8F66A3967B2}.Debug|Any CPU.Build.0 = Debug|Any CPU
		{EBB35CEA-A347-49D5-8281-D8F66A3967B2}.Release|Any CPU.ActiveCfg = Release|Any CPU
		{EBB35CEA-A347-49D5-8281-D8F66A3967B2}.Release|Any CPU.Build.0 = Release|Any CPU
	EndGlobalSection
	GlobalSection(SolutionProperties) = preSolution
		HideSolutionNode = FALSE
	EndGlobalSection
	GlobalSection(ExtensibilityGlobals) = postSolution
		SolutionGuid = {0A2DA969-1964-4A05-A5D3-C0A70E9635A9}
	EndGlobalSection
EndGlobal
